// !$*UTF8*$!
{
	archiveVersion = 1;
	classes = {
	};
	objectVersion = 51;
	objects = {

/* Begin PBXBuildFile section */
		11429216237DB1D40024D9CD /* AppDelegate.swift in Sources */ = {isa = PBXBuildFile; fileRef = 11429215237DB1D40024D9CD /* AppDelegate.swift */; };
		11429218237DB1D40024D9CD /* ViewController.swift in Sources */ = {isa = PBXBuildFile; fileRef = 11429217237DB1D40024D9CD /* ViewController.swift */; };
		1142921B237DB1D40024D9CD /* Main.storyboard in Resources */ = {isa = PBXBuildFile; fileRef = 11429219237DB1D40024D9CD /* Main.storyboard */; };
		1142921E237DB1D40024D9CD /* laboratorio13.xcdatamodeld in Sources */ = {isa = PBXBuildFile; fileRef = 1142921C237DB1D40024D9CD /* laboratorio13.xcdatamodeld */; };
		11429220237DB1D60024D9CD /* Assets.xcassets in Resources */ = {isa = PBXBuildFile; fileRef = 1142921F237DB1D60024D9CD /* Assets.xcassets */; };
		11429223237DB1D60024D9CD /* LaunchScreen.storyboard in Resources */ = {isa = PBXBuildFile; fileRef = 11429221237DB1D60024D9CD /* LaunchScreen.storyboard */; };
		1142922E237DB1D60024D9CD /* laboratorio13Tests.swift in Sources */ = {isa = PBXBuildFile; fileRef = 1142922D237DB1D60024D9CD /* laboratorio13Tests.swift */; };
		11429239237DB1D60024D9CD /* laboratorio13UITests.swift in Sources */ = {isa = PBXBuildFile; fileRef = 11429238237DB1D60024D9CD /* laboratorio13UITests.swift */; };
		11429247237DB2B60024D9CD /* GoogleService-Info.plist in Resources */ = {isa = PBXBuildFile; fileRef = 11429246237DB2B50024D9CD /* GoogleService-Info.plist */; };
		11F8BC22237DBC7000A6F306 /* LoginViewController.swift in Sources */ = {isa = PBXBuildFile; fileRef = 11F8BC21237DBC7000A6F306 /* LoginViewController.swift */; };
		1FBC46DBD31F031CFEDEAE2E /* Pods_laboratorio13_laboratorio13UITests.framework in Frameworks */ = {isa = PBXBuildFile; fileRef = 7F40BA7D3C92A8D5201F6E90 /* Pods_laboratorio13_laboratorio13UITests.framework */; };
		3992CD3554FB2F0DB9407648 /* Pods_laboratorio13Tests.framework in Frameworks */ = {isa = PBXBuildFile; fileRef = 511751A3C8417DAD667EF7D2 /* Pods_laboratorio13Tests.framework */; };
		F60FC6CA8A7953226C71F0D8 /* Pods_laboratorio13.framework in Frameworks */ = {isa = PBXBuildFile; fileRef = 6401FDAEA72B3BA45DED10BD /* Pods_laboratorio13.framework */; };
/* End PBXBuildFile section */

/* Begin PBXContainerItemProxy section */
		1142922A237DB1D60024D9CD /* PBXContainerItemProxy */ = {
			isa = PBXContainerItemProxy;
			containerPortal = 1142920A237DB1D40024D9CD /* Project object */;
			proxyType = 1;
			remoteGlobalIDString = 11429211237DB1D40024D9CD;
			remoteInfo = laboratorio13;
		};
		11429235237DB1D60024D9CD /* PBXContainerItemProxy */ = {
			isa = PBXContainerItemProxy;
			containerPortal = 1142920A237DB1D40024D9CD /* Project object */;
			proxyType = 1;
			remoteGlobalIDString = 11429211237DB1D40024D9CD;
			remoteInfo = laboratorio13;
		};
/* End PBXContainerItemProxy section */

/* Begin PBXFileReference section */
		00E1928B5C77CA5B938E8EC6 /* Pods-laboratorio13-laboratorio13UITests.debug.xcconfig */ = {isa = PBXFileReference; includeInIndex = 1; lastKnownFileType = text.xcconfig; name = "Pods-laboratorio13-laboratorio13UITests.debug.xcconfig"; path = "Target Support Files/Pods-laboratorio13-laboratorio13UITests/Pods-laboratorio13-laboratorio13UITests.debug.xcconfig"; sourceTree = "<group>"; };
		0ACA2F1BA977789E7343A49C /* Pods-laboratorio13Tests.release.xcconfig */ = {isa = PBXFileReference; includeInIndex = 1; lastKnownFileType = text.xcconfig; name = "Pods-laboratorio13Tests.release.xcconfig"; path = "Target Support Files/Pods-laboratorio13Tests/Pods-laboratorio13Tests.release.xcconfig"; sourceTree = "<group>"; };
		11429212237DB1D40024D9CD /* laboratorio13.app */ = {isa = PBXFileReference; explicitFileType = wrapper.application; includeInIndex = 0; path = laboratorio13.app; sourceTree = BUILT_PRODUCTS_DIR; };
		11429215237DB1D40024D9CD /* AppDelegate.swift */ = {isa = PBXFileReference; lastKnownFileType = sourcecode.swift; path = AppDelegate.swift; sourceTree = "<group>"; };
		11429217237DB1D40024D9CD /* ViewController.swift */ = {isa = PBXFileReference; lastKnownFileType = sourcecode.swift; path = ViewController.swift; sourceTree = "<group>"; };
		1142921A237DB1D40024D9CD /* Base */ = {isa = PBXFileReference; lastKnownFileType = file.storyboard; name = Base; path = Base.lproj/Main.storyboard; sourceTree = "<group>"; };
		1142921D237DB1D40024D9CD /* laboratorio13.xcdatamodel */ = {isa = PBXFileReference; lastKnownFileType = wrapper.xcdatamodel; path = laboratorio13.xcdatamodel; sourceTree = "<group>"; };
		1142921F237DB1D60024D9CD /* Assets.xcassets */ = {isa = PBXFileReference; lastKnownFileType = folder.assetcatalog; path = Assets.xcassets; sourceTree = "<group>"; };
		11429222237DB1D60024D9CD /* Base */ = {isa = PBXFileReference; lastKnownFileType = file.storyboard; name = Base; path = Base.lproj/LaunchScreen.storyboard; sourceTree = "<group>"; };
		11429224237DB1D60024D9CD /* Info.plist */ = {isa = PBXFileReference; lastKnownFileType = text.plist.xml; path = Info.plist; sourceTree = "<group>"; };
		11429229237DB1D60024D9CD /* laboratorio13Tests.xctest */ = {isa = PBXFileReference; explicitFileType = wrapper.cfbundle; includeInIndex = 0; path = laboratorio13Tests.xctest; sourceTree = BUILT_PRODUCTS_DIR; };
		1142922D237DB1D60024D9CD /* laboratorio13Tests.swift */ = {isa = PBXFileReference; lastKnownFileType = sourcecode.swift; path = laboratorio13Tests.swift; sourceTree = "<group>"; };
		1142922F237DB1D60024D9CD /* Info.plist */ = {isa = PBXFileReference; lastKnownFileType = text.plist.xml; path = Info.plist; sourceTree = "<group>"; };
		11429234237DB1D60024D9CD /* laboratorio13UITests.xctest */ = {isa = PBXFileReference; explicitFileType = wrapper.cfbundle; includeInIndex = 0; path = laboratorio13UITests.xctest; sourceTree = BUILT_PRODUCTS_DIR; };
		11429238237DB1D60024D9CD /* laboratorio13UITests.swift */ = {isa = PBXFileReference; lastKnownFileType = sourcecode.swift; path = laboratorio13UITests.swift; sourceTree = "<group>"; };
		1142923A237DB1D60024D9CD /* Info.plist */ = {isa = PBXFileReference; lastKnownFileType = text.plist.xml; path = Info.plist; sourceTree = "<group>"; };
		11429246237DB2B50024D9CD /* GoogleService-Info.plist */ = {isa = PBXFileReference; fileEncoding = 4; lastKnownFileType = text.plist.xml; path = "GoogleService-Info.plist"; sourceTree = "<group>"; };
		11F8BC21237DBC7000A6F306 /* LoginViewController.swift */ = {isa = PBXFileReference; lastKnownFileType = sourcecode.swift; path = LoginViewController.swift; sourceTree = "<group>"; };
		491A71A5C2C9BF4E12736D60 /* Pods-laboratorio13.debug.xcconfig */ = {isa = PBXFileReference; includeInIndex = 1; lastKnownFileType = text.xcconfig; name = "Pods-laboratorio13.debug.xcconfig"; path = "Target Support Files/Pods-laboratorio13/Pods-laboratorio13.debug.xcconfig"; sourceTree = "<group>"; };
		511751A3C8417DAD667EF7D2 /* Pods_laboratorio13Tests.framework */ = {isa = PBXFileReference; explicitFileType = wrapper.framework; includeInIndex = 0; path = Pods_laboratorio13Tests.framework; sourceTree = BUILT_PRODUCTS_DIR; };
		6401FDAEA72B3BA45DED10BD /* Pods_laboratorio13.framework */ = {isa = PBXFileReference; explicitFileType = wrapper.framework; includeInIndex = 0; path = Pods_laboratorio13.framework; sourceTree = BUILT_PRODUCTS_DIR; };
		7F40BA7D3C92A8D5201F6E90 /* Pods_laboratorio13_laboratorio13UITests.framework */ = {isa = PBXFileReference; explicitFileType = wrapper.framework; includeInIndex = 0; path = Pods_laboratorio13_laboratorio13UITests.framework; sourceTree = BUILT_PRODUCTS_DIR; };
		C97FD51E58CECDB79312074C /* Pods-laboratorio13Tests.debug.xcconfig */ = {isa = PBXFileReference; includeInIndex = 1; lastKnownFileType = text.xcconfig; name = "Pods-laboratorio13Tests.debug.xcconfig"; path = "Target Support Files/Pods-laboratorio13Tests/Pods-laboratorio13Tests.debug.xcconfig"; sourceTree = "<group>"; };
		CCD983B3F42A006CC5C450BC /* Pods-laboratorio13.release.xcconfig */ = {isa = PBXFileReference; includeInIndex = 1; lastKnownFileType = text.xcconfig; name = "Pods-laboratorio13.release.xcconfig"; path = "Target Support Files/Pods-laboratorio13/Pods-laboratorio13.release.xcconfig"; sourceTree = "<group>"; };
		FD63100C3933BB1981EDEFFA /* Pods-laboratorio13-laboratorio13UITests.release.xcconfig */ = {isa = PBXFileReference; includeInIndex = 1; lastKnownFileType = text.xcconfig; name = "Pods-laboratorio13-laboratorio13UITests.release.xcconfig"; path = "Target Support Files/Pods-laboratorio13-laboratorio13UITests/Pods-laboratorio13-laboratorio13UITests.release.xcconfig"; sourceTree = "<group>"; };
/* End PBXFileReference section */

/* Begin PBXFrameworksBuildPhase section */
		1142920F237DB1D40024D9CD /* Frameworks */ = {
			isa = PBXFrameworksBuildPhase;
			buildActionMask = 2147483647;
			files = (
				F60FC6CA8A7953226C71F0D8 /* Pods_laboratorio13.framework in Frameworks */,
			);
			runOnlyForDeploymentPostprocessing = 0;
		};
		11429226237DB1D60024D9CD /* Frameworks */ = {
			isa = PBXFrameworksBuildPhase;
			buildActionMask = 2147483647;
			files = (
				3992CD3554FB2F0DB9407648 /* Pods_laboratorio13Tests.framework in Frameworks */,
			);
			runOnlyForDeploymentPostprocessing = 0;
		};
		11429231237DB1D60024D9CD /* Frameworks */ = {
			isa = PBXFrameworksBuildPhase;
			buildActionMask = 2147483647;
			files = (
				1FBC46DBD31F031CFEDEAE2E /* Pods_laboratorio13_laboratorio13UITests.framework in Frameworks */,
			);
			runOnlyForDeploymentPostprocessing = 0;
		};
/* End PBXFrameworksBuildPhase section */

/* Begin PBXGroup section */
		11429209237DB1D40024D9CD = {
			isa = PBXGroup;
			children = (
				11429214237DB1D40024D9CD /* laboratorio13 */,
				1142922C237DB1D60024D9CD /* laboratorio13Tests */,
				11429237237DB1D60024D9CD /* laboratorio13UITests */,
				11429213237DB1D40024D9CD /* Products */,
				DA70DDBA5DEF711306734A05 /* Pods */,
				C8448401481E1711B3F9D483 /* Frameworks */,
			);
			sourceTree = "<group>";
		};
		11429213237DB1D40024D9CD /* Products */ = {
			isa = PBXGroup;
			children = (
				11429212237DB1D40024D9CD /* laboratorio13.app */,
				11429229237DB1D60024D9CD /* laboratorio13Tests.xctest */,
				11429234237DB1D60024D9CD /* laboratorio13UITests.xctest */,
			);
			name = Products;
			sourceTree = "<group>";
		};
		11429214237DB1D40024D9CD /* laboratorio13 */ = {
			isa = PBXGroup;
			children = (
				11429246237DB2B50024D9CD /* GoogleService-Info.plist */,
				11429215237DB1D40024D9CD /* AppDelegate.swift */,
				11429217237DB1D40024D9CD /* ViewController.swift */,
				11429219237DB1D40024D9CD /* Main.storyboard */,
				1142921F237DB1D60024D9CD /* Assets.xcassets */,
				11429221237DB1D60024D9CD /* LaunchScreen.storyboard */,
				11429224237DB1D60024D9CD /* Info.plist */,
				1142921C237DB1D40024D9CD /* laboratorio13.xcdatamodeld */,
				11F8BC21237DBC7000A6F306 /* LoginViewController.swift */,
			);
			path = laboratorio13;
			sourceTree = "<group>";
		};
		1142922C237DB1D60024D9CD /* laboratorio13Tests */ = {
			isa = PBXGroup;
			children = (
				1142922D237DB1D60024D9CD /* laboratorio13Tests.swift */,
				1142922F237DB1D60024D9CD /* Info.plist */,
			);
			path = laboratorio13Tests;
			sourceTree = "<group>";
		};
		11429237237DB1D60024D9CD /* laboratorio13UITests */ = {
			isa = PBXGroup;
			children = (
				11429238237DB1D60024D9CD /* laboratorio13UITests.swift */,
				1142923A237DB1D60024D9CD /* Info.plist */,
			);
			path = laboratorio13UITests;
			sourceTree = "<group>";
		};
		C8448401481E1711B3F9D483 /* Frameworks */ = {
			isa = PBXGroup;
			children = (
				6401FDAEA72B3BA45DED10BD /* Pods_laboratorio13.framework */,
				7F40BA7D3C92A8D5201F6E90 /* Pods_laboratorio13_laboratorio13UITests.framework */,
				511751A3C8417DAD667EF7D2 /* Pods_laboratorio13Tests.framework */,
			);
			name = Frameworks;
			sourceTree = "<group>";
		};
		DA70DDBA5DEF711306734A05 /* Pods */ = {
			isa = PBXGroup;
			children = (
				491A71A5C2C9BF4E12736D60 /* Pods-laboratorio13.debug.xcconfig */,
				CCD983B3F42A006CC5C450BC /* Pods-laboratorio13.release.xcconfig */,
				00E1928B5C77CA5B938E8EC6 /* Pods-laboratorio13-laboratorio13UITests.debug.xcconfig */,
				FD63100C3933BB1981EDEFFA /* Pods-laboratorio13-laboratorio13UITests.release.xcconfig */,
				C97FD51E58CECDB79312074C /* Pods-laboratorio13Tests.debug.xcconfig */,
				0ACA2F1BA977789E7343A49C /* Pods-laboratorio13Tests.release.xcconfig */,
			);
			path = Pods;
			sourceTree = "<group>";
		};
/* End PBXGroup section */

/* Begin PBXNativeTarget section */
		11429211237DB1D40024D9CD /* laboratorio13 */ = {
			isa = PBXNativeTarget;
			buildConfigurationList = 1142923D237DB1D60024D9CD /* Build configuration list for PBXNativeTarget "laboratorio13" */;
			buildPhases = (
				AC543403D3337A8A515926E4 /* [CP] Check Pods Manifest.lock */,
				1142920E237DB1D40024D9CD /* Sources */,
				1142920F237DB1D40024D9CD /* Frameworks */,
				11429210237DB1D40024D9CD /* Resources */,
				AFB01E3EB4E167E0CC16B5F8 /* [CP] Embed Pods Frameworks */,
			);
			buildRules = (
			);
			dependencies = (
			);
			name = laboratorio13;
			productName = laboratorio13;
			productReference = 11429212237DB1D40024D9CD /* laboratorio13.app */;
			productType = "com.apple.product-type.application";
		};
		11429228237DB1D60024D9CD /* laboratorio13Tests */ = {
			isa = PBXNativeTarget;
			buildConfigurationList = 11429240237DB1D60024D9CD /* Build configuration list for PBXNativeTarget "laboratorio13Tests" */;
			buildPhases = (
				A6A14E34BA8DD785CE2138CB /* [CP] Check Pods Manifest.lock */,
				11429225237DB1D60024D9CD /* Sources */,
				11429226237DB1D60024D9CD /* Frameworks */,
				11429227237DB1D60024D9CD /* Resources */,
			);
			buildRules = (
			);
			dependencies = (
				1142922B237DB1D60024D9CD /* PBXTargetDependency */,
			);
			name = laboratorio13Tests;
			productName = laboratorio13Tests;
			productReference = 11429229237DB1D60024D9CD /* laboratorio13Tests.xctest */;
			productType = "com.apple.product-type.bundle.unit-test";
		};
		11429233237DB1D60024D9CD /* laboratorio13UITests */ = {
			isa = PBXNativeTarget;
			buildConfigurationList = 11429243237DB1D60024D9CD /* Build configuration list for PBXNativeTarget "laboratorio13UITests" */;
			buildPhases = (
				B5FD5ED1C66908C693C64738 /* [CP] Check Pods Manifest.lock */,
				11429230237DB1D60024D9CD /* Sources */,
				11429231237DB1D60024D9CD /* Frameworks */,
				11429232237DB1D60024D9CD /* Resources */,
				BE425191C78DDA5FD119A91B /* [CP] Embed Pods Frameworks */,
			);
			buildRules = (
			);
			dependencies = (
				11429236237DB1D60024D9CD /* PBXTargetDependency */,
			);
			name = laboratorio13UITests;
			productName = laboratorio13UITests;
			productReference = 11429234237DB1D60024D9CD /* laboratorio13UITests.xctest */;
			productType = "com.apple.product-type.bundle.ui-testing";
		};
/* End PBXNativeTarget section */

/* Begin PBXProject section */
		1142920A237DB1D40024D9CD /* Project object */ = {
			isa = PBXProject;
			attributes = {
				LastSwiftUpdateCheck = 1030;
				LastUpgradeCheck = 1030;
				ORGANIZATIONNAME = Alexander;
				TargetAttributes = {
					11429211237DB1D40024D9CD = {
						CreatedOnToolsVersion = 10.3;
					};
					11429228237DB1D60024D9CD = {
						CreatedOnToolsVersion = 10.3;
						TestTargetID = 11429211237DB1D40024D9CD;
					};
					11429233237DB1D60024D9CD = {
						CreatedOnToolsVersion = 10.3;
						TestTargetID = 11429211237DB1D40024D9CD;
					};
				};
			};
			buildConfigurationList = 1142920D237DB1D40024D9CD /* Build configuration list for PBXProject "laboratorio13" */;
			compatibilityVersion = "Xcode 9.3";
			developmentRegion = en;
			hasScannedForEncodings = 0;
			knownRegions = (
				en,
				Base,
			);
			mainGroup = 11429209237DB1D40024D9CD;
			productRefGroup = 11429213237DB1D40024D9CD /* Products */;
			projectDirPath = "";
			projectRoot = "";
			targets = (
				11429211237DB1D40024D9CD /* laboratorio13 */,
				11429228237DB1D60024D9CD /* laboratorio13Tests */,
				11429233237DB1D60024D9CD /* laboratorio13UITests */,
			);
		};
/* End PBXProject section */

/* Begin PBXResourcesBuildPhase section */
		11429210237DB1D40024D9CD /* Resources */ = {
			isa = PBXResourcesBuildPhase;
			buildActionMask = 2147483647;
			files = (
				11429223237DB1D60024D9CD /* LaunchScreen.storyboard in Resources */,
				11429247237DB2B60024D9CD /* GoogleService-Info.plist in Resources */,
				11429220237DB1D60024D9CD /* Assets.xcassets in Resources */,
				1142921B237DB1D40024D9CD /* Main.storyboard in Resources */,
			);
			runOnlyForDeploymentPostprocessing = 0;
		};
		11429227237DB1D60024D9CD /* Resources */ = {
			isa = PBXResourcesBuildPhase;
			buildActionMask = 2147483647;
			files = (
			);
			runOnlyForDeploymentPostprocessing = 0;
		};
		11429232237DB1D60024D9CD /* Resources */ = {
			isa = PBXResourcesBuildPhase;
			buildActionMask = 2147483647;
			files = (
			);
			runOnlyForDeploymentPostprocessing = 0;
		};
/* End PBXResourcesBuildPhase section */

/* Begin PBXShellScriptBuildPhase section */
		A6A14E34BA8DD785CE2138CB /* [CP] Check Pods Manifest.lock */ = {
			isa = PBXShellScriptBuildPhase;
			buildActionMask = 2147483647;
			files = (
			);
			inputFileListPaths = (
			);
			inputPaths = (
				"${PODS_PODFILE_DIR_PATH}/Podfile.lock",
				"${PODS_ROOT}/Manifest.lock",
			);
			name = "[CP] Check Pods Manifest.lock";
			outputFileListPaths = (
			);
			outputPaths = (
				"$(DERIVED_FILE_DIR)/Pods-laboratorio13Tests-checkManifestLockResult.txt",
			);
			runOnlyForDeploymentPostprocessing = 0;
			shellPath = /bin/sh;
			shellScript = "diff \"${PODS_PODFILE_DIR_PATH}/Podfile.lock\" \"${PODS_ROOT}/Manifest.lock\" > /dev/null\nif [ $? != 0 ] ; then\n    # print error to STDERR\n    echo \"error: The sandbox is not in sync with the Podfile.lock. Run 'pod install' or update your CocoaPods installation.\" >&2\n    exit 1\nfi\n# This output is used by Xcode 'outputs' to avoid re-running this script phase.\necho \"SUCCESS\" > \"${SCRIPT_OUTPUT_FILE_0}\"\n";
			showEnvVarsInLog = 0;
		};
		AC543403D3337A8A515926E4 /* [CP] Check Pods Manifest.lock */ = {
			isa = PBXShellScriptBuildPhase;
			buildActionMask = 2147483647;
			files = (
			);
			inputFileListPaths = (
			);
			inputPaths = (
				"${PODS_PODFILE_DIR_PATH}/Podfile.lock",
				"${PODS_ROOT}/Manifest.lock",
			);
			name = "[CP] Check Pods Manifest.lock";
			outputFileListPaths = (
			);
			outputPaths = (
				"$(DERIVED_FILE_DIR)/Pods-laboratorio13-checkManifestLockResult.txt",
			);
			runOnlyForDeploymentPostprocessing = 0;
			shellPath = /bin/sh;
			shellScript = "diff \"${PODS_PODFILE_DIR_PATH}/Podfile.lock\" \"${PODS_ROOT}/Manifest.lock\" > /dev/null\nif [ $? != 0 ] ; then\n    # print error to STDERR\n    echo \"error: The sandbox is not in sync with the Podfile.lock. Run 'pod install' or update your CocoaPods installation.\" >&2\n    exit 1\nfi\n# This output is used by Xcode 'outputs' to avoid re-running this script phase.\necho \"SUCCESS\" > \"${SCRIPT_OUTPUT_FILE_0}\"\n";
			showEnvVarsInLog = 0;
		};
		AFB01E3EB4E167E0CC16B5F8 /* [CP] Embed Pods Frameworks */ = {
			isa = PBXShellScriptBuildPhase;
			buildActionMask = 2147483647;
			files = (
			);
			inputFileListPaths = (
				"${PODS_ROOT}/Target Support Files/Pods-laboratorio13/Pods-laboratorio13-frameworks-${CONFIGURATION}-input-files.xcfilelist",
			);
			name = "[CP] Embed Pods Frameworks";
			outputFileListPaths = (
				"${PODS_ROOT}/Target Support Files/Pods-laboratorio13/Pods-laboratorio13-frameworks-${CONFIGURATION}-output-files.xcfilelist",
			);
			runOnlyForDeploymentPostprocessing = 0;
			shellPath = /bin/sh;
			shellScript = "\"${PODS_ROOT}/Target Support Files/Pods-laboratorio13/Pods-laboratorio13-frameworks.sh\"\n";
			showEnvVarsInLog = 0;
		};
		B5FD5ED1C66908C693C64738 /* [CP] Check Pods Manifest.lock */ = {
			isa = PBXShellScriptBuildPhase;
			buildActionMask = 2147483647;
			files = (
			);
			inputFileListPaths = (
			);
			inputPaths = (
				"${PODS_PODFILE_DIR_PATH}/Podfile.lock",
				"${PODS_ROOT}/Manifest.lock",
			);
			name = "[CP] Check Pods Manifest.lock";
			outputFileListPaths = (
			);
			outputPaths = (
				"$(DERIVED_FILE_DIR)/Pods-laboratorio13-laboratorio13UITests-checkManifestLockResult.txt",
			);
			runOnlyForDeploymentPostprocessing = 0;
			shellPath = /bin/sh;
			shellScript = "diff \"${PODS_PODFILE_DIR_PATH}/Podfile.lock\" \"${PODS_ROOT}/Manifest.lock\" > /dev/null\nif [ $? != 0 ] ; then\n    # print error to STDERR\n    echo \"error: The sandbox is not in sync with the Podfile.lock. Run 'pod install' or update your CocoaPods installation.\" >&2\n    exit 1\nfi\n# This output is used by Xcode 'outputs' to avoid re-running this script phase.\necho \"SUCCESS\" > \"${SCRIPT_OUTPUT_FILE_0}\"\n";
			showEnvVarsInLog = 0;
		};
		BE425191C78DDA5FD119A91B /* [CP] Embed Pods Frameworks */ = {
			isa = PBXShellScriptBuildPhase;
			buildActionMask = 2147483647;
			files = (
			);
			inputFileListPaths = (
				"${PODS_ROOT}/Target Support Files/Pods-laboratorio13-laboratorio13UITests/Pods-laboratorio13-laboratorio13UITests-frameworks-${CONFIGURATION}-input-files.xcfilelist",
			);
			name = "[CP] Embed Pods Frameworks";
			outputFileListPaths = (
				"${PODS_ROOT}/Target Support Files/Pods-laboratorio13-laboratorio13UITests/Pods-laboratorio13-laboratorio13UITests-frameworks-${CONFIGURATION}-output-files.xcfilelist",
			);
			runOnlyForDeploymentPostprocessing = 0;
			shellPath = /bin/sh;
			shellScript = "\"${PODS_ROOT}/Target Support Files/Pods-laboratorio13-laboratorio13UITests/Pods-laboratorio13-laboratorio13UITests-frameworks.sh\"\n";
			showEnvVarsInLog = 0;
		};
/* End PBXShellScriptBuildPhase section */

/* Begin PBXSourcesBuildPhase section */
		1142920E237DB1D40024D9CD /* Sources */ = {
			isa = PBXSourcesBuildPhase;
			buildActionMask = 2147483647;
			files = (
				11F8BC22237DBC7000A6F306 /* LoginViewController.swift in Sources */,
				11429218237DB1D40024D9CD /* ViewController.swift in Sources */,
				1142921E237DB1D40024D9CD /* laboratorio13.xcdatamodeld in Sources */,
				11429216237DB1D40024D9CD /* AppDelegate.swift in Sources */,
			);
			runOnlyForDeploymentPostprocessing = 0;
		};
		11429225237DB1D60024D9CD /* Sources */ = {
			isa = PBXSourcesBuildPhase;
			buildActionMask = 2147483647;
			files = (
				1142922E237DB1D60024D9CD /* laboratorio13Tests.swift in Sources */,
			);
			runOnlyForDeploymentPostprocessing = 0;
		};
		11429230237DB1D60024D9CD /* Sources */ = {
			isa = PBXSourcesBuildPhase;
			buildActionMask = 2147483647;
			files = (
				11429239237DB1D60024D9CD /* laboratorio13UITests.swift in Sources */,
			);
			runOnlyForDeploymentPostprocessing = 0;
		};
/* End PBXSourcesBuildPhase section */

/* Begin PBXTargetDependency section */
		1142922B237DB1D60024D9CD /* PBXTargetDependency */ = {
			isa = PBXTargetDependency;
			target = 11429211237DB1D40024D9CD /* laboratorio13 */;
			targetProxy = 1142922A237DB1D60024D9CD /* PBXContainerItemProxy */;
		};
		11429236237DB1D60024D9CD /* PBXTargetDependency */ = {
			isa = PBXTargetDependency;
			target = 11429211237DB1D40024D9CD /* laboratorio13 */;
			targetProxy = 11429235237DB1D60024D9CD /* PBXContainerItemProxy */;
		};
/* End PBXTargetDependency section */

/* Begin PBXVariantGroup section */
		11429219237DB1D40024D9CD /* Main.storyboard */ = {
			isa = PBXVariantGroup;
			children = (
				1142921A237DB1D40024D9CD /* Base */,
			);
			name = Main.storyboard;
			sourceTree = "<group>";
		};
		11429221237DB1D60024D9CD /* LaunchScreen.storyboard */ = {
			isa = PBXVariantGroup;
			children = (
				11429222237DB1D60024D9CD /* Base */,
			);
			name = LaunchScreen.storyboard;
			sourceTree = "<group>";
		};
/* End PBXVariantGroup section */

/* Begin XCBuildConfiguration section */
		1142923B237DB1D60024D9CD /* Debug */ = {
			isa = XCBuildConfiguration;
			buildSettings = {
				ALWAYS_SEARCH_USER_PATHS = NO;
				CLANG_ANALYZER_NONNULL = YES;
				CLANG_ANALYZER_NUMBER_OBJECT_CONVERSION = YES_AGGRESSIVE;
				CLANG_CXX_LANGUAGE_STANDARD = "gnu++14";
				CLANG_CXX_LIBRARY = "libc++";
				CLANG_ENABLE_MODULES = YES;
				CLANG_ENABLE_OBJC_ARC = YES;
				CLANG_ENABLE_OBJC_WEAK = YES;
				CLANG_WARN_BLOCK_CAPTURE_AUTORELEASING = YES;
				CLANG_WARN_BOOL_CONVERSION = YES;
				CLANG_WARN_COMMA = YES;
				CLANG_WARN_CONSTANT_CONVERSION = YES;
				CLANG_WARN_DEPRECATED_OBJC_IMPLEMENTATIONS = YES;
				CLANG_WARN_DIRECT_OBJC_ISA_USAGE = YES_ERROR;
				CLANG_WARN_DOCUMENTATION_COMMENTS = YES;
				CLANG_WARN_EMPTY_BODY = YES;
				CLANG_WARN_ENUM_CONVERSION = YES;
				CLANG_WARN_INFINITE_RECURSION = YES;
				CLANG_WARN_INT_CONVERSION = YES;
				CLANG_WARN_NON_LITERAL_NULL_CONVERSION = YES;
				CLANG_WARN_OBJC_IMPLICIT_RETAIN_SELF = YES;
				CLANG_WARN_OBJC_LITERAL_CONVERSION = YES;
				CLANG_WARN_OBJC_ROOT_CLASS = YES_ERROR;
				CLANG_WARN_RANGE_LOOP_ANALYSIS = YES;
				CLANG_WARN_STRICT_PROTOTYPES = YES;
				CLANG_WARN_SUSPICIOUS_MOVE = YES;
				CLANG_WARN_UNGUARDED_AVAILABILITY = YES_AGGRESSIVE;
				CLANG_WARN_UNREACHABLE_CODE = YES;
				CLANG_WARN__DUPLICATE_METHOD_MATCH = YES;
				CODE_SIGN_IDENTITY = "iPhone Developer";
				COPY_PHASE_STRIP = NO;
				DEBUG_INFORMATION_FORMAT = dwarf;
				ENABLE_STRICT_OBJC_MSGSEND = YES;
				ENABLE_TESTABILITY = YES;
				GCC_C_LANGUAGE_STANDARD = gnu11;
				GCC_DYNAMIC_NO_PIC = NO;
				GCC_NO_COMMON_BLOCKS = YES;
				GCC_OPTIMIZATION_LEVEL = 0;
				GCC_PREPROCESSOR_DEFINITIONS = (
					"DEBUG=1",
					"$(inherited)",
				);
				GCC_WARN_64_TO_32_BIT_CONVERSION = YES;
				GCC_WARN_ABOUT_RETURN_TYPE = YES_ERROR;
				GCC_WARN_UNDECLARED_SELECTOR = YES;
				GCC_WARN_UNINITIALIZED_AUTOS = YES_AGGRESSIVE;
				GCC_WARN_UNUSED_FUNCTION = YES;
				GCC_WARN_UNUSED_VARIABLE = YES;
				IPHONEOS_DEPLOYMENT_TARGET = 12.4;
				MTL_ENABLE_DEBUG_INFO = INCLUDE_SOURCE;
				MTL_FAST_MATH = YES;
				ONLY_ACTIVE_ARCH = YES;
				SDKROOT = iphoneos;
				SWIFT_ACTIVE_COMPILATION_CONDITIONS = DEBUG;
				SWIFT_OPTIMIZATION_LEVEL = "-Onone";
			};
			name = Debug;
		};
		1142923C237DB1D60024D9CD /* Release */ = {
			isa = XCBuildConfiguration;
			buildSettings = {
				ALWAYS_SEARCH_USER_PATHS = NO;
				CLANG_ANALYZER_NONNULL = YES;
				CLANG_ANALYZER_NUMBER_OBJECT_CONVERSION = YES_AGGRESSIVE;
				CLANG_CXX_LANGUAGE_STANDARD = "gnu++14";
				CLANG_CXX_LIBRARY = "libc++";
				CLANG_ENABLE_MODULES = YES;
				CLANG_ENABLE_OBJC_ARC = YES;
				CLANG_ENABLE_OBJC_WEAK = YES;
				CLANG_WARN_BLOCK_CAPTURE_AUTORELEASING = YES;
				CLANG_WARN_BOOL_CONVERSION = YES;
				CLANG_WARN_COMMA = YES;
				CLANG_WARN_CONSTANT_CONVERSION = YES;
				CLANG_WARN_DEPRECATED_OBJC_IMPLEMENTATIONS = YES;
				CLANG_WARN_DIRECT_OBJC_ISA_USAGE = YES_ERROR;
				CLANG_WARN_DOCUMENTATION_COMMENTS = YES;
				CLANG_WARN_EMPTY_BODY = YES;
				CLANG_WARN_ENUM_CONVERSION = YES;
				CLANG_WARN_INFINITE_RECURSION = YES;
				CLANG_WARN_INT_CONVERSION = YES;
				CLANG_WARN_NON_LITERAL_NULL_CONVERSION = YES;
				CLANG_WARN_OBJC_IMPLICIT_RETAIN_SELF = YES;
				CLANG_WARN_OBJC_LITERAL_CONVERSION = YES;
				CLANG_WARN_OBJC_ROOT_CLASS = YES_ERROR;
				CLANG_WARN_RANGE_LOOP_ANALYSIS = YES;
				CLANG_WARN_STRICT_PROTOTYPES = YES;
				CLANG_WARN_SUSPICIOUS_MOVE = YES;
				CLANG_WARN_UNGUARDED_AVAILABILITY = YES_AGGRESSIVE;
				CLANG_WARN_UNREACHABLE_CODE = YES;
				CLANG_WARN__DUPLICATE_METHOD_MATCH = YES;
				CODE_SIGN_IDENTITY = "iPhone Developer";
				COPY_PHASE_STRIP = NO;
				DEBUG_INFORMATION_FORMAT = "dwarf-with-dsym";
				ENABLE_NS_ASSERTIONS = NO;
				ENABLE_STRICT_OBJC_MSGSEND = YES;
				GCC_C_LANGUAGE_STANDARD = gnu11;
				GCC_NO_COMMON_BLOCKS = YES;
				GCC_WARN_64_TO_32_BIT_CONVERSION = YES;
				GCC_WARN_ABOUT_RETURN_TYPE = YES_ERROR;
				GCC_WARN_UNDECLARED_SELECTOR = YES;
				GCC_WARN_UNINITIALIZED_AUTOS = YES_AGGRESSIVE;
				GCC_WARN_UNUSED_FUNCTION = YES;
				GCC_WARN_UNUSED_VARIABLE = YES;
				IPHONEOS_DEPLOYMENT_TARGET = 12.4;
				MTL_ENABLE_DEBUG_INFO = NO;
				MTL_FAST_MATH = YES;
				SDKROOT = iphoneos;
				SWIFT_COMPILATION_MODE = wholemodule;
				SWIFT_OPTIMIZATION_LEVEL = "-O";
				VALIDATE_PRODUCT = YES;
			};
			name = Release;
		};
		1142923E237DB1D60024D9CD /* Debug */ = {
			isa = XCBuildConfiguration;
			baseConfigurationReference = 491A71A5C2C9BF4E12736D60 /* Pods-laboratorio13.debug.xcconfig */;
			buildSettings = {
				ASSETCATALOG_COMPILER_APPICON_NAME = AppIcon;
				CODE_SIGN_STYLE = Automatic;
				DEVELOPMENT_TEAM = 2U5AD72PK3;
				INFOPLIST_FILE = laboratorio13/Info.plist;
				LD_RUNPATH_SEARCH_PATHS = (
					"$(inherited)",
					"@executable_path/Frameworks",
				);
				PRODUCT_BUNDLE_IDENTIFIER = com.laboratorio13;
				PRODUCT_NAME = "$(TARGET_NAME)";
				SWIFT_VERSION = 5.0;
				TARGETED_DEVICE_FAMILY = "1,2";
			};
			name = Debug;
		};
		1142923F237DB1D60024D9CD /* Release */ = {
			isa = XCBuildConfiguration;
			baseConfigurationReference = CCD983B3F42A006CC5C450BC /* Pods-laboratorio13.release.xcconfig */;
			buildSettings = {
				ASSETCATALOG_COMPILER_APPICON_NAME = AppIcon;
				CODE_SIGN_STYLE = Automatic;
				DEVELOPMENT_TEAM = 2U5AD72PK3;
				INFOPLIST_FILE = laboratorio13/Info.plist;
				LD_RUNPATH_SEARCH_PATHS = (
					"$(inherited)",
					"@executable_path/Frameworks",
				);
				PRODUCT_BUNDLE_IDENTIFIER = com.laboratorio13;
				PRODUCT_NAME = "$(TARGET_NAME)";
				SWIFT_VERSION = 5.0;
				TARGETED_DEVICE_FAMILY = "1,2";
			};
			name = Release;
		};
		11429241237DB1D60024D9CD /* Debug */ = {
			isa = XCBuildConfiguration;
			baseConfigurationReference = C97FD51E58CECDB79312074C /* Pods-laboratorio13Tests.debug.xcconfig */;
			buildSettings = {
				ALWAYS_EMBED_SWIFT_STANDARD_LIBRARIES = YES;
				BUNDLE_LOADER = "$(TEST_HOST)";
				CODE_SIGN_STYLE = Automatic;
				DEVELOPMENT_TEAM = 2U5AD72PK3;
				INFOPLIST_FILE = laboratorio13Tests/Info.plist;
				LD_RUNPATH_SEARCH_PATHS = (
					"$(inherited)",
					"@executable_path/Frameworks",
					"@loader_path/Frameworks",
				);
				PRODUCT_BUNDLE_IDENTIFIER = com.laboratorio13Tests;
				PRODUCT_NAME = "$(TARGET_NAME)";
				SWIFT_VERSION = 5.0;
				TARGETED_DEVICE_FAMILY = "1,2";
				TEST_HOST = "$(BUILT_PRODUCTS_DIR)/laboratorio13.app/laboratorio13";
			};
			name = Debug;
		};
		11429242237DB1D60024D9CD /* Release */ = {
			isa = XCBuildConfiguration;
			baseConfigurationReference = 0ACA2F1BA977789E7343A49C /* Pods-laboratorio13Tests.release.xcconfig */;
			buildSettings = {
				ALWAYS_EMBED_SWIFT_STANDARD_LIBRARIES = YES;
				BUNDLE_LOADER = "$(TEST_HOST)";
				CODE_SIGN_STYLE = Automatic;
				DEVELOPMENT_TEAM = 2U5AD72PK3;
				INFOPLIST_FILE = laboratorio13Tests/Info.plist;
				LD_RUNPATH_SEARCH_PATHS = (
					"$(inherited)",
					"@executable_path/Frameworks",
					"@loader_path/Frameworks",
				);
				PRODUCT_BUNDLE_IDENTIFIER = com.laboratorio13Tests;
				PRODUCT_NAME = "$(TARGET_NAME)";
				SWIFT_VERSION = 5.0;
				TARGETED_DEVICE_FAMILY = "1,2";
				TEST_HOST = "$(BUILT_PRODUCTS_DIR)/laboratorio13.app/laboratorio13";
			};
			name = Release;
		};
		11429244237DB1D60024D9CD /* Debug */ = {
			isa = XCBuildConfiguration;
			baseConfigurationReference = 00E1928B5C77CA5B938E8EC6 /* Pods-laboratorio13-laboratorio13UITests.debug.xcconfig */;
			buildSettings = {
				ALWAYS_EMBED_SWIFT_STANDARD_LIBRARIES = YES;
				CODE_SIGN_STYLE = Automatic;
				DEVELOPMENT_TEAM = 2U5AD72PK3;
				INFOPLIST_FILE = laboratorio13UITests/Info.plist;
				LD_RUNPATH_SEARCH_PATHS = (
					"$(inherited)",
					"@executable_path/Frameworks",
					"@loader_path/Frameworks",
				);
				PRODUCT_BUNDLE_IDENTIFIER = com.laboratorio13UITests;
				PRODUCT_NAME = "$(TARGET_NAME)";
				SWIFT_VERSION = 5.0;
				TARGETED_DEVICE_FAMILY = "1,2";
				TEST_TARGET_NAME = laboratorio13;
			};
			name = Debug;
		};
		11429245237DB1D60024D9CD /* Release */ = {
			isa = XCBuildConfiguration;
			baseConfigurationReference = FD63100C3933BB1981EDEFFA /* Pods-laboratorio13-laboratorio13UITests.release.xcconfig */;
			buildSettings = {
				ALWAYS_EMBED_SWIFT_STANDARD_LIBRARIES = YES;
				CODE_SIGN_STYLE = Automatic;
				DEVELOPMENT_TEAM = 2U5AD72PK3;
				INFOPLIST_FILE = laboratorio13UITests/Info.plist;
				LD_RUNPATH_SEARCH_PATHS = (
					"$(inherited)",
					"@executable_path/Frameworks",
					"@loader_path/Frameworks",
				);
				PRODUCT_BUNDLE_IDENTIFIER = com.laboratorio13UITests;
				PRODUCT_NAME = "$(TARGET_NAME)";
				SWIFT_VERSION = 5.0;
				TARGETED_DEVICE_FAMILY = "1,2";
				TEST_TARGET_NAME = laboratorio13;
			};
			name = Release;
		};
/* End XCBuildConfiguration section */

/* Begin XCConfigurationList section */
		1142920D237DB1D40024D9CD /* Build configuration list for PBXProject "laboratorio13" */ = {
			isa = XCConfigurationList;
			buildConfigurations = (
				1142923B237DB1D60024D9CD /* Debug */,
				1142923C237DB1D60024D9CD /* Release */,
			);
			defaultConfigurationIsVisible = 0;
			defaultConfigurationName = Release;
		};
		1142923D237DB1D60024D9CD /* Build configuration list for PBXNativeTarget "laboratorio13" */ = {
			isa = XCConfigurationList;
			buildConfigurations = (
				1142923E237DB1D60024D9CD /* Debug */,
				1142923F237DB1D60024D9CD /* Release */,
			);
			defaultConfigurationIsVisible = 0;
			defaultConfigurationName = Release;
		};
		11429240237DB1D60024D9CD /* Build configuration list for PBXNativeTarget "laboratorio13Tests" */ = {
			isa = XCConfigurationList;
			buildConfigurations = (
				11429241237DB1D60024D9CD /* Debug */,
				11429242237DB1D60024D9CD /* Release */,
			);
			defaultConfigurationIsVisible = 0;
			defaultConfigurationName = Release;
		};
		11429243237DB1D60024D9CD /* Build configuration list for PBXNativeTarget "laboratorio13UITests" */ = {
			isa = XCConfigurationList;
			buildConfigurations = (
				11429244237DB1D60024D9CD /* Debug */,
				11429245237DB1D60024D9CD /* Release */,
			);
			defaultConfigurationIsVisible = 0;
			defaultConfigurationName = Release;
		};
/* End XCConfigurationList section */

/* Begin XCVersionGroup section */
		1142921C237DB1D40024D9CD /* laboratorio13.xcdatamodeld */ = {
			isa = XCVersionGroup;
			children = (
				1142921D237DB1D40024D9CD /* laboratorio13.xcdatamodel */,
			);
			currentVersion = 1142921D237DB1D40024D9CD /* laboratorio13.xcdatamodel */;
			path = laboratorio13.xcdatamodeld;
			sourceTree = "<group>";
			versionGroupType = wrapper.xcdatamodel;
		};
/* End XCVersionGroup section */
	};
	rootObject = 1142920A237DB1D40024D9CD /* Project object */;
}
